
Microsoft Visual Studio Solution File, Format Version 12.00
# Visual Studio 15
VisualStudioVersion = 15.0.27703.2026
MinimumVisualStudioVersion = 10.0.40219.1
Project("{FAE04EC0-301F-11D3-BF4B-00C04F79EFBC}") = "Git.Domain", "src\Git.Domain\Git.Domain.csproj", "{AABC3AD0-37C7-4E2F-B420-419AC1DEA321}"
EndProject
Project("{FAE04EC0-301F-11D3-BF4B-00C04F79EFBC}") = "Git.Domain.Acceptance.Tests", "tests\Git.Domain.Acceptance.Tests\Git.Domain.Acceptance.Tests.csproj", "{8E6A0998-71B5-480D-8D7C-D0C1BE212921}"
EndProject
Project("{FAE04EC0-301F-11D3-BF4B-00C04F79EFBC}") = "Git.Domain.UnitTests", "tests\Git.Domain.UnitTests\Git.Domain.UnitTests.csproj", "{252074E3-6EE0-441F-B12F-591BAE6042F3}"
EndProject
Project("{FAE04EC0-301F-11D3-BF4B-00C04F79EFBC}") = "TestConsole", "src\TestConsole\TestConsole.csproj", "{D2F670AF-4B50-4DF0-86FA-7FBAE5167BCD}"
EndProject
Project("{2150E333-8FDC-42A3-9474-1A3956D46DE8}") = "Solution Items", "Solution Items", "{B0980CFE-81C2-40AE-B64B-6F5A5C7F5728}"
	ProjectSection(SolutionItems) = preProject
		README.md = README.md
	EndProjectSection
EndProject
Project("{FAE04EC0-301F-11D3-BF4B-00C04F79EFBC}") = "Git.Domain.Autofac", "src\Git.Domain.Autofac\Git.Domain.Autofac.csproj", "{E0884E8A-3493-4AA7-B515-EEF7B378984F}"
EndProject
Global
	GlobalSection(SolutionConfigurationPlatforms) = preSolution
		Debug|Any CPU = Debug|Any CPU
		Release|Any CPU = Release|Any CPU
	EndGlobalSection
	GlobalSection(ProjectConfigurationPlatforms) = postSolution
		{AABC3AD0-37C7-4E2F-B420-419AC1DEA321}.Debug|Any CPU.ActiveCfg = Debug|Any CPU
		{AABC3AD0-37C7-4E2F-B420-419AC1DEA321}.Debug|Any CPU.Build.0 = Debug|Any CPU
		{AABC3AD0-37C7-4E2F-B420-419AC1DEA321}.Release|Any CPU.ActiveCfg = Release|Any CPU
		{AABC3AD0-37C7-4E2F-B420-419AC1DEA321}.Release|Any CPU.Build.0 = Release|Any CPU
		{8E6A0998-71B5-480D-8D7C-D0C1BE212921}.Debug|Any CPU.ActiveCfg = Debug|Any CPU
		{8E6A0998-71B5-480D-8D7C-D0C1BE212921}.Debug|Any CPU.Build.0 = Debug|Any CPU
		{8E6A0998-71B5-480D-8D7C-D0C1BE212921}.Release|Any CPU.ActiveCfg = Release|Any CPU
		{8E6A0998-71B5-480D-8D7C-D0C1BE212921}.Release|Any CPU.Build.0 = Release|Any CPU
		{252074E3-6EE0-441F-B12F-591BAE6042F3}.Debug|Any CPU.ActiveCfg = Debug|Any CPU
		{252074E3-6EE0-441F-B12F-591BAE6042F3}.Debug|Any CPU.Build.0 = Debug|Any CPU
		{252074E3-6EE0-441F-B12F-591BAE6042F3}.Release|Any CPU.ActiveCfg = Release|Any CPU
		{252074E3-6EE0-441F-B12F-591BAE6042F3}.Release|Any CPU.Build.0 = Release|Any CPU
		{D2F670AF-4B50-4DF0-86FA-7FBAE5167BCD}.Debug|Any CPU.ActiveCfg = Debug|Any CPU
		{D2F670AF-4B50-4DF0-86FA-7FBAE5167BCD}.Debug|Any CPU.Build.0 = Debug|Any CPU
		{D2F670AF-4B50-4DF0-86FA-7FBAE5167BCD}.Release|Any CPU.ActiveCfg = Release|Any CPU
		{D2F670AF-4B50-4DF0-86FA-7FBAE5167BCD}.Release|Any CPU.Build.0 = Release|Any CPU
		{E0884E8A-3493-4AA7-B515-EEF7B378984F}.Debug|Any CPU.ActiveCfg = Debug|Any CPU
		{E0884E8A-3493-4AA7-B515-EEF7B378984F}.Debug|Any CPU.Build.0 = Debug|Any CPU
		{E0884E8A-3493-4AA7-B515-EEF7B378984F}.Release|Any CPU.ActiveCfg = Release|Any CPU
		{E0884E8A-3493-4AA7-B515-EEF7B378984F}.Release|Any CPU.Build.0 = Release|Any CPU
	EndGlobalSection
	GlobalSection(SolutionProperties) = preSolution
		HideSolutionNode = FALSE
	EndGlobalSection
	GlobalSection(ExtensibilityGlobals) = postSolution
		SolutionGuid = {68AB40AB-6E9B-4FFF-B0E9-DB73C662E40C}
	EndGlobalSection
EndGlobal
