{
  "requires": true,
  "lockfileVersion": 1,
  "dependencies": {
    "url-search-params-polyfill": {
      "version": "5.0.0",
      "resolved": "https://registry.npmjs.org/url-search-params-polyfill/-/url-search-params-polyfill-5.0.0.tgz",
      "integrity": "sha512-+SCD22QJp4UnqPOI5UTTR0Ljuh8cHbjEf1lIiZrZ8nHTlTixqwVsVQTSfk5vrmDz7N09/Y+ka5jQr0ff35FnQQ=="
    }
  }
}
